
Microsoft Visual Studio Solution File, Format Version 12.00
# Visual Studio Version 17
VisualStudioVersion = 17.7.34009.444
MinimumVisualStudioVersion = 10.0.40219.1
Project("{FAE04EC0-301F-11D3-BF4B-00C04F79EFBC}") = "NewPracticeProject", "NewPracticeProject\NewPracticeProject.csproj", "{2B65A21E-7BCF-4A31-989B-A29F26164BD1}"
EndProject
Global
	GlobalSection(SolutionConfigurationPlatforms) = preSolution
		Debug|Any CPU = Debug|Any CPU
		Release|Any CPU = Release|Any CPU
	EndGlobalSection
	GlobalSection(ProjectConfigurationPlatforms) = postSolution
		{2B65A21E-7BCF-4A31-989B-A29F26164BD1}.Debug|Any CPU.ActiveCfg = Debug|Any CPU
		{2B65A21E-7BCF-4A31-989B-A29F26164BD1}.Debug|Any CPU.Build.0 = Debug|Any CPU
		{2B65A21E-7BCF-4A31-989B-A29F26164BD1}.Release|Any CPU.ActiveCfg = Release|Any CPU
		{2B65A21E-7BCF-4A31-989B-A29F26164BD1}.Release|Any CPU.Build.0 = Release|Any CPU
	EndGlobalSection
	GlobalSection(SolutionProperties) = preSolution
		HideSolutionNode = FALSE
	EndGlobalSection
	GlobalSection(ExtensibilityGlobals) = postSolution
		SolutionGuid = {7D2522DC-AA9B-406F-8B48-E6A30001AEB4}
	EndGlobalSection
EndGlobal
